
Microsoft Visual Studio Solution File, Format Version 12.00
# Visual Studio Version 16
VisualStudioVersion = 16.0.31205.134
MinimumVisualStudioVersion = 10.0.40219.1
Project("{FAE04EC0-301F-11D3-BF4B-00C04F79EFBC}") = "W8D1DataAcess", "W8D1DataAcess\W8D1DataAcess.csproj", "{2E6BA0C7-219F-4DC5-8901-E937E3E1DC57}"
EndProject
Project("{2150E333-8FDC-42A3-9474-1A3956D46DE8}") = "EntityFrameWorkDBFirst", "EntityFrameWorkDBFirst", "{2EE9C83D-9CCF-4CD0-9F2D-C9A624CCEBA8}"
EndProject
Project("{FAE04EC0-301F-11D3-BF4B-00C04F79EFBC}") = "EFDBFirst", "EFDBFirst\EFDBFirst.csproj", "{D3B805BA-2A07-4248-8160-012CD9A129A5}"
EndProject
Project("{2150E333-8FDC-42A3-9474-1A3956D46DE8}") = "Linq", "Linq", "{36F6E793-749B-44E0-920B-5DBC77D1FF29}"
EndProject
Project("{9A19103F-16F7-4668-BE54-9A1E7A4F7556}") = "W8D2Linq01", "W8D2Linq01\W8D2Linq01.csproj", "{1CB3D597-FEFC-492E-BEEB-B636E1A69684}"
EndProject
Project("{FAE04EC0-301F-11D3-BF4B-00C04F79EFBC}") = "EFWSorgular", "EFWSorgular\EFWSorgular.csproj", "{DE3BA537-5AFD-4360-883B-7D9FA5632D91}"
EndProject
Project("{9A19103F-16F7-4668-BE54-9A1E7A4F7556}") = "FirstLastSingle", "FirstLastSingle\FirstLastSingle.csproj", "{6FAB2C57-06F3-4764-8CD1-6314D8245088}"
EndProject
Project("{9A19103F-16F7-4668-BE54-9A1E7A4F7556}") = "Orderby_Thenby_Reverse", "Orderby_Thenby_Reverse\Orderby_Thenby_Reverse.csproj", "{8E833386-A52F-4263-BBB9-075566A56E97}"
EndProject
Project("{9A19103F-16F7-4668-BE54-9A1E7A4F7556}") = "IQueryable", "IQueryable\IQueryable.csproj", "{2DCD02EF-0C03-4136-A39C-0242D8935EFF}"
EndProject
Project("{9A19103F-16F7-4668-BE54-9A1E7A4F7556}") = "Any_All_Contains", "Any_All_Contains\Any_All_Contains.csproj", "{CACCC283-A9D9-44E0-BAEE-C2B66FCB8645}"
EndProject
Project("{FAE04EC0-301F-11D3-BF4B-00C04F79EFBC}") = "HWStudent", "HWStudent\HWStudent.csproj", "{929B7083-6E5D-419D-B70A-C82817374704}"
EndProject
Global
	GlobalSection(SolutionConfigurationPlatforms) = preSolution
		Debug|Any CPU = Debug|Any CPU
		Release|Any CPU = Release|Any CPU
	EndGlobalSection
	GlobalSection(ProjectConfigurationPlatforms) = postSolution
		{2E6BA0C7-219F-4DC5-8901-E937E3E1DC57}.Debug|Any CPU.ActiveCfg = Debug|Any CPU
		{2E6BA0C7-219F-4DC5-8901-E937E3E1DC57}.Debug|Any CPU.Build.0 = Debug|Any CPU
		{2E6BA0C7-219F-4DC5-8901-E937E3E1DC57}.Release|Any CPU.ActiveCfg = Release|Any CPU
		{2E6BA0C7-219F-4DC5-8901-E937E3E1DC57}.Release|Any CPU.Build.0 = Release|Any CPU
		{D3B805BA-2A07-4248-8160-012CD9A129A5}.Debug|Any CPU.ActiveCfg = Debug|Any CPU
		{D3B805BA-2A07-4248-8160-012CD9A129A5}.Debug|Any CPU.Build.0 = Debug|Any CPU
		{D3B805BA-2A07-4248-8160-012CD9A129A5}.Release|Any CPU.ActiveCfg = Release|Any CPU
		{D3B805BA-2A07-4248-8160-012CD9A129A5}.Release|Any CPU.Build.0 = Release|Any CPU
		{1CB3D597-FEFC-492E-BEEB-B636E1A69684}.Debug|Any CPU.ActiveCfg = Debug|Any CPU
		{1CB3D597-FEFC-492E-BEEB-B636E1A69684}.Debug|Any CPU.Build.0 = Debug|Any CPU
		{1CB3D597-FEFC-492E-BEEB-B636E1A69684}.Release|Any CPU.ActiveCfg = Release|Any CPU
		{1CB3D597-FEFC-492E-BEEB-B636E1A69684}.Release|Any CPU.Build.0 = Release|Any CPU
		{DE3BA537-5AFD-4360-883B-7D9FA5632D91}.Debug|Any CPU.ActiveCfg = Debug|Any CPU
		{DE3BA537-5AFD-4360-883B-7D9FA5632D91}.Debug|Any CPU.Build.0 = Debug|Any CPU
		{DE3BA537-5AFD-4360-883B-7D9FA5632D91}.Release|Any CPU.ActiveCfg = Release|Any CPU
		{DE3BA537-5AFD-4360-883B-7D9FA5632D91}.Release|Any CPU.Build.0 = Release|Any CPU
		{6FAB2C57-06F3-4764-8CD1-6314D8245088}.Debug|Any CPU.ActiveCfg = Debug|Any CPU
		{6FAB2C57-06F3-4764-8CD1-6314D8245088}.Debug|Any CPU.Build.0 = Debug|Any CPU
		{6FAB2C57-06F3-4764-8CD1-6314D8245088}.Release|Any CPU.ActiveCfg = Release|Any CPU
		{6FAB2C57-06F3-4764-8CD1-6314D8245088}.Release|Any CPU.Build.0 = Release|Any CPU
		{8E833386-A52F-4263-BBB9-075566A56E97}.Debug|Any CPU.ActiveCfg = Debug|Any CPU
		{8E833386-A52F-4263-BBB9-075566A56E97}.Debug|Any CPU.Build.0 = Debug|Any CPU
		{8E833386-A52F-4263-BBB9-075566A56E97}.Release|Any CPU.ActiveCfg = Release|Any CPU
		{8E833386-A52F-4263-BBB9-075566A56E97}.Release|Any CPU.Build.0 = Release|Any CPU
		{2DCD02EF-0C03-4136-A39C-0242D8935EFF}.Debug|Any CPU.ActiveCfg = Debug|Any CPU
		{2DCD02EF-0C03-4136-A39C-0242D8935EFF}.Debug|Any CPU.Build.0 = Debug|Any CPU
		{2DCD02EF-0C03-4136-A39C-0242D8935EFF}.Release|Any CPU.ActiveCfg = Release|Any CPU
		{2DCD02EF-0C03-4136-A39C-0242D8935EFF}.Release|Any CPU.Build.0 = Release|Any CPU
		{CACCC283-A9D9-44E0-BAEE-C2B66FCB8645}.Debug|Any CPU.ActiveCfg = Debug|Any CPU
		{CACCC283-A9D9-44E0-BAEE-C2B66FCB8645}.Debug|Any CPU.Build.0 = Debug|Any CPU
		{CACCC283-A9D9-44E0-BAEE-C2B66FCB8645}.Release|Any CPU.ActiveCfg = Release|Any CPU
		{CACCC283-A9D9-44E0-BAEE-C2B66FCB8645}.Release|Any CPU.Build.0 = Release|Any CPU
		{929B7083-6E5D-419D-B70A-C82817374704}.Debug|Any CPU.ActiveCfg = Debug|Any CPU
		{929B7083-6E5D-419D-B70A-C82817374704}.Debug|Any CPU.Build.0 = Debug|Any CPU
		{929B7083-6E5D-419D-B70A-C82817374704}.Release|Any CPU.ActiveCfg = Release|Any CPU
		{929B7083-6E5D-419D-B70A-C82817374704}.Release|Any CPU.Build.0 = Release|Any CPU
	EndGlobalSection
	GlobalSection(SolutionProperties) = preSolution
		HideSolutionNode = FALSE
	EndGlobalSection
	GlobalSection(NestedProjects) = preSolution
		{D3B805BA-2A07-4248-8160-012CD9A129A5} = {2EE9C83D-9CCF-4CD0-9F2D-C9A624CCEBA8}
		{1CB3D597-FEFC-492E-BEEB-B636E1A69684} = {36F6E793-749B-44E0-920B-5DBC77D1FF29}
		{DE3BA537-5AFD-4360-883B-7D9FA5632D91} = {2EE9C83D-9CCF-4CD0-9F2D-C9A624CCEBA8}
		{6FAB2C57-06F3-4764-8CD1-6314D8245088} = {36F6E793-749B-44E0-920B-5DBC77D1FF29}
		{8E833386-A52F-4263-BBB9-075566A56E97} = {36F6E793-749B-44E0-920B-5DBC77D1FF29}
		{2DCD02EF-0C03-4136-A39C-0242D8935EFF} = {36F6E793-749B-44E0-920B-5DBC77D1FF29}
		{CACCC283-A9D9-44E0-BAEE-C2B66FCB8645} = {36F6E793-749B-44E0-920B-5DBC77D1FF29}
		{929B7083-6E5D-419D-B70A-C82817374704} = {2EE9C83D-9CCF-4CD0-9F2D-C9A624CCEBA8}
	EndGlobalSection
	GlobalSection(ExtensibilityGlobals) = postSolution
		SolutionGuid = {72B896C1-336F-4F52-8851-070C4AE229D3}
	EndGlobalSection
EndGlobal
